
Microsoft Visual Studio Solution File, Format Version 12.00
# Visual Studio Version 16
VisualStudioVersion = 16.0.29509.3
MinimumVisualStudioVersion = 10.0.40219.1
Project("{FAE04EC0-301F-11D3-BF4B-00C04F79EFBC}") = "SoP", "SoP\SoP.csproj", "{21FB7646-1454-4EE9-BA9B-164D804FC0B0}"
EndProject
Global
	GlobalSection(SolutionConfigurationPlatforms) = preSolution
		Debug|Any CPU = Debug|Any CPU
		Release|Any CPU = Release|Any CPU
	EndGlobalSection
	GlobalSection(ProjectConfigurationPlatforms) = postSolution
		{21FB7646-1454-4EE9-BA9B-164D804FC0B0}.Debug|Any CPU.ActiveCfg = Debug|Any CPU
		{21FB7646-1454-4EE9-BA9B-164D804FC0B0}.Debug|Any CPU.Build.0 = Debug|Any CPU
		{21FB7646-1454-4EE9-BA9B-164D804FC0B0}.Release|Any CPU.ActiveCfg = Release|Any CPU
		{21FB7646-1454-4EE9-BA9B-164D804FC0B0}.Release|Any CPU.Build.0 = Release|Any CPU
	EndGlobalSection
	GlobalSection(SolutionProperties) = preSolution
		HideSolutionNode = FALSE
	EndGlobalSection
	GlobalSection(ExtensibilityGlobals) = postSolution
		SolutionGuid = {72CD3B02-4AE6-4AAF-8FB6-91EDC5634C15}
	EndGlobalSection
EndGlobal
